
Microsoft Visual Studio Solution File, Format Version 12.00
# Visual Studio Version 17
VisualStudioVersion = 17.0.31903.59
MinimumVisualStudioVersion = 10.0.40219.1
Project("{FAE04EC0-301F-11D3-BF4B-00C04F79EFBC}") = "ChatApp.Api", "ChatApp.Api\ChatApp.Api.csproj", "{1875E6E1-2D2F-425B-8923-E74C78916534}"
EndProject
Project("{FAE04EC0-301F-11D3-BF4B-00C04F79EFBC}") = "ChatApp.Auth", "ChatApp.Auth\ChatApp.Auth.csproj", "{FEA4135D-D270-447C-B2F1-6B1D43629823}"
EndProject
Project("{FAE04EC0-301F-11D3-BF4B-00C04F79EFBC}") = "ChatApp.Media", "ChatApp.Media\ChatApp.Media.csproj", "{B56FA3DA-C5C1-42FE-B845-384F0B5F47D7}"
EndProject
Project("{FAE04EC0-301F-11D3-BF4B-00C04F79EFBC}") = "ChatApp.User", "ChatApp.User\ChatApp.User.csproj", "{B120156F-FD6A-46EF-BF06-9870A948A81E}"
EndProject
Project("{FAE04EC0-301F-11D3-BF4B-00C04F79EFBC}") = "ChatApp.Common", "ChatApp.Common\ChatApp.Common.csproj", "{7E041985-039B-4617-896D-50FCFAAE7AEC}"
EndProject
Global
	GlobalSection(SolutionConfigurationPlatforms) = preSolution
		Debug|Any CPU = Debug|Any CPU
		Debug|x64 = Debug|x64
		Debug|x86 = Debug|x86
		Release|Any CPU = Release|Any CPU
		Release|x64 = Release|x64
		Release|x86 = Release|x86
	EndGlobalSection
	GlobalSection(ProjectConfigurationPlatforms) = postSolution
		{1875E6E1-2D2F-425B-8923-E74C78916534}.Debug|Any CPU.ActiveCfg = Debug|Any CPU
		{1875E6E1-2D2F-425B-8923-E74C78916534}.Debug|Any CPU.Build.0 = Debug|Any CPU
		{1875E6E1-2D2F-425B-8923-E74C78916534}.Debug|x64.ActiveCfg = Debug|Any CPU
		{1875E6E1-2D2F-425B-8923-E74C78916534}.Debug|x64.Build.0 = Debug|Any CPU
		{1875E6E1-2D2F-425B-8923-E74C78916534}.Debug|x86.ActiveCfg = Debug|Any CPU
		{1875E6E1-2D2F-425B-8923-E74C78916534}.Debug|x86.Build.0 = Debug|Any CPU
		{1875E6E1-2D2F-425B-8923-E74C78916534}.Release|Any CPU.ActiveCfg = Release|Any CPU
		{1875E6E1-2D2F-425B-8923-E74C78916534}.Release|Any CPU.Build.0 = Release|Any CPU
		{1875E6E1-2D2F-425B-8923-E74C78916534}.Release|x64.ActiveCfg = Release|Any CPU
		{1875E6E1-2D2F-425B-8923-E74C78916534}.Release|x64.Build.0 = Release|Any CPU
		{1875E6E1-2D2F-425B-8923-E74C78916534}.Release|x86.ActiveCfg = Release|Any CPU
		{1875E6E1-2D2F-425B-8923-E74C78916534}.Release|x86.Build.0 = Release|Any CPU
		{FEA4135D-D270-447C-B2F1-6B1D43629823}.Debug|Any CPU.ActiveCfg = Debug|Any CPU
		{FEA4135D-D270-447C-B2F1-6B1D43629823}.Debug|Any CPU.Build.0 = Debug|Any CPU
		{FEA4135D-D270-447C-B2F1-6B1D43629823}.Debug|x64.ActiveCfg = Debug|Any CPU
		{FEA4135D-D270-447C-B2F1-6B1D43629823}.Debug|x64.Build.0 = Debug|Any CPU
		{FEA4135D-D270-447C-B2F1-6B1D43629823}.Debug|x86.ActiveCfg = Debug|Any CPU
		{FEA4135D-D270-447C-B2F1-6B1D43629823}.Debug|x86.Build.0 = Debug|Any CPU
		{FEA4135D-D270-447C-B2F1-6B1D43629823}.Release|Any CPU.ActiveCfg = Release|Any CPU
		{FEA4135D-D270-447C-B2F1-6B1D43629823}.Release|Any CPU.Build.0 = Release|Any CPU
		{FEA4135D-D270-447C-B2F1-6B1D43629823}.Release|x64.ActiveCfg = Release|Any CPU
		{FEA4135D-D270-447C-B2F1-6B1D43629823}.Release|x64.Build.0 = Release|Any CPU
		{FEA4135D-D270-447C-B2F1-6B1D43629823}.Release|x86.ActiveCfg = Release|Any CPU
		{FEA4135D-D270-447C-B2F1-6B1D43629823}.Release|x86.Build.0 = Release|Any CPU
		{B56FA3DA-C5C1-42FE-B845-384F0B5F47D7}.Debug|Any CPU.ActiveCfg = Debug|Any CPU
		{B56FA3DA-C5C1-42FE-B845-384F0B5F47D7}.Debug|Any CPU.Build.0 = Debug|Any CPU
		{B56FA3DA-C5C1-42FE-B845-384F0B5F47D7}.Debug|x64.ActiveCfg = Debug|Any CPU
		{B56FA3DA-C5C1-42FE-B845-384F0B5F47D7}.Debug|x64.Build.0 = Debug|Any CPU
		{B56FA3DA-C5C1-42FE-B845-384F0B5F47D7}.Debug|x86.ActiveCfg = Debug|Any CPU
		{B56FA3DA-C5C1-42FE-B845-384F0B5F47D7}.Debug|x86.Build.0 = Debug|Any CPU
		{B56FA3DA-C5C1-42FE-B845-384F0B5F47D7}.Release|Any CPU.ActiveCfg = Release|Any CPU
		{B56FA3DA-C5C1-42FE-B845-384F0B5F47D7}.Release|Any CPU.Build.0 = Release|Any CPU
		{B56FA3DA-C5C1-42FE-B845-384F0B5F47D7}.Release|x64.ActiveCfg = Release|Any CPU
		{B56FA3DA-C5C1-42FE-B845-384F0B5F47D7}.Release|x64.Build.0 = Release|Any CPU
		{B56FA3DA-C5C1-42FE-B845-384F0B5F47D7}.Release|x86.ActiveCfg = Release|Any CPU
		{B56FA3DA-C5C1-42FE-B845-384F0B5F47D7}.Release|x86.Build.0 = Release|Any CPU
		{B120156F-FD6A-46EF-BF06-9870A948A81E}.Debug|Any CPU.ActiveCfg = Debug|Any CPU
		{B120156F-FD6A-46EF-BF06-9870A948A81E}.Debug|Any CPU.Build.0 = Debug|Any CPU
		{B120156F-FD6A-46EF-BF06-9870A948A81E}.Debug|x64.ActiveCfg = Debug|Any CPU
		{B120156F-FD6A-46EF-BF06-9870A948A81E}.Debug|x64.Build.0 = Debug|Any CPU
		{B120156F-FD6A-46EF-BF06-9870A948A81E}.Debug|x86.ActiveCfg = Debug|Any CPU
		{B120156F-FD6A-46EF-BF06-9870A948A81E}.Debug|x86.Build.0 = Debug|Any CPU
		{B120156F-FD6A-46EF-BF06-9870A948A81E}.Release|Any CPU.ActiveCfg = Release|Any CPU
		{B120156F-FD6A-46EF-BF06-9870A948A81E}.Release|Any CPU.Build.0 = Release|Any CPU
		{B120156F-FD6A-46EF-BF06-9870A948A81E}.Release|x64.ActiveCfg = Release|Any CPU
		{B120156F-FD6A-46EF-BF06-9870A948A81E}.Release|x64.Build.0 = Release|Any CPU
		{B120156F-FD6A-46EF-BF06-9870A948A81E}.Release|x86.ActiveCfg = Release|Any CPU
		{B120156F-FD6A-46EF-BF06-9870A948A81E}.Release|x86.Build.0 = Release|Any CPU
		{7E041985-039B-4617-896D-50FCFAAE7AEC}.Debug|Any CPU.ActiveCfg = Debug|Any CPU
		{7E041985-039B-4617-896D-50FCFAAE7AEC}.Debug|Any CPU.Build.0 = Debug|Any CPU
		{7E041985-039B-4617-896D-50FCFAAE7AEC}.Debug|x64.ActiveCfg = Debug|Any CPU
		{7E041985-039B-4617-896D-50FCFAAE7AEC}.Debug|x64.Build.0 = Debug|Any CPU
		{7E041985-039B-4617-896D-50FCFAAE7AEC}.Debug|x86.ActiveCfg = Debug|Any CPU
		{7E041985-039B-4617-896D-50FCFAAE7AEC}.Debug|x86.Build.0 = Debug|Any CPU
		{7E041985-039B-4617-896D-50FCFAAE7AEC}.Release|Any CPU.ActiveCfg = Release|Any CPU
		{7E041985-039B-4617-896D-50FCFAAE7AEC}.Release|Any CPU.Build.0 = Release|Any CPU
		{7E041985-039B-4617-896D-50FCFAAE7AEC}.Release|x64.ActiveCfg = Release|Any CPU
		{7E041985-039B-4617-896D-50FCFAAE7AEC}.Release|x64.Build.0 = Release|Any CPU
		{7E041985-039B-4617-896D-50FCFAAE7AEC}.Release|x86.ActiveCfg = Release|Any CPU
		{7E041985-039B-4617-896D-50FCFAAE7AEC}.Release|x86.Build.0 = Release|Any CPU
	EndGlobalSection
	GlobalSection(SolutionProperties) = preSolution
		HideSolutionNode = FALSE
	EndGlobalSection
EndGlobal
